
Microsoft Visual Studio Solution File, Format Version 12.00
# Visual Studio 14
VisualStudioVersion = 14.0.25420.1
MinimumVisualStudioVersion = 10.0.40219.1
Project("{FAE04EC0-301F-11D3-BF4B-00C04F79EFBC}") = "LightpointApp.Web", "LightpointApp.Web\LightpointApp.Web.csproj", "{C4A9122D-1733-476B-9672-90E2A340EFCC}"
EndProject
Project("{FAE04EC0-301F-11D3-BF4B-00C04F79EFBC}") = "LightpointApp.DataAccess", "LigthpointApp.DataAccess\LightpointApp.DataAccess.csproj", "{4167D6F4-440C-4EE1-B9AA-333BC2AFC072}"
EndProject
Project("{FAE04EC0-301F-11D3-BF4B-00C04F79EFBC}") = "LightpointApp.BusinessLogic", "LightpointApp.BusinessLogic\LightpointApp.BusinessLogic.csproj", "{A6AC318B-E125-4C0C-AC98-76E7092507C9}"
EndProject
Global
	GlobalSection(SolutionConfigurationPlatforms) = preSolution
		Debug|Any CPU = Debug|Any CPU
		Release|Any CPU = Release|Any CPU
	EndGlobalSection
	GlobalSection(ProjectConfigurationPlatforms) = postSolution
		{C4A9122D-1733-476B-9672-90E2A340EFCC}.Debug|Any CPU.ActiveCfg = Debug|Any CPU
		{C4A9122D-1733-476B-9672-90E2A340EFCC}.Debug|Any CPU.Build.0 = Debug|Any CPU
		{C4A9122D-1733-476B-9672-90E2A340EFCC}.Release|Any CPU.ActiveCfg = Release|Any CPU
		{C4A9122D-1733-476B-9672-90E2A340EFCC}.Release|Any CPU.Build.0 = Release|Any CPU
		{4167D6F4-440C-4EE1-B9AA-333BC2AFC072}.Debug|Any CPU.ActiveCfg = Debug|Any CPU
		{4167D6F4-440C-4EE1-B9AA-333BC2AFC072}.Debug|Any CPU.Build.0 = Debug|Any CPU
		{4167D6F4-440C-4EE1-B9AA-333BC2AFC072}.Release|Any CPU.ActiveCfg = Release|Any CPU
		{4167D6F4-440C-4EE1-B9AA-333BC2AFC072}.Release|Any CPU.Build.0 = Release|Any CPU
		{A6AC318B-E125-4C0C-AC98-76E7092507C9}.Debug|Any CPU.ActiveCfg = Debug|Any CPU
		{A6AC318B-E125-4C0C-AC98-76E7092507C9}.Debug|Any CPU.Build.0 = Debug|Any CPU
		{A6AC318B-E125-4C0C-AC98-76E7092507C9}.Release|Any CPU.ActiveCfg = Release|Any CPU
		{A6AC318B-E125-4C0C-AC98-76E7092507C9}.Release|Any CPU.Build.0 = Release|Any CPU
	EndGlobalSection
	GlobalSection(SolutionProperties) = preSolution
		HideSolutionNode = FALSE
	EndGlobalSection
EndGlobal
